
Microsoft Visual Studio Solution File, Format Version 12.00
# Visual Studio 15
Project("{FAE04EC0-301F-11D3-BF4B-00C04F79EFBC}") = "Assembly-CSharp", "Assembly-CSharp.csproj", "{3BCF4496-7AC9-2A8D-930F-40D93D29A95C}"
EndProject
Project("{FAE04EC0-301F-11D3-BF4B-00C04F79EFBC}") = "Assembly-CSharp-Editor", "Assembly-CSharp-Editor.csproj", "{ACADDD77-F6DE-591D-E448-B32B2C663635}"
EndProject
Global
	GlobalSection(SolutionConfigurationPlatforms) = preSolution
		Debug|Any CPU = Debug|Any CPU
		Release|Any CPU = Release|Any CPU
	EndGlobalSection
	GlobalSection(ProjectConfigurationPlatforms) = postSolution
		{3BCF4496-7AC9-2A8D-930F-40D93D29A95C}.Debug|Any CPU.ActiveCfg = Debug|Any CPU
		{3BCF4496-7AC9-2A8D-930F-40D93D29A95C}.Debug|Any CPU.Build.0 = Debug|Any CPU
		{3BCF4496-7AC9-2A8D-930F-40D93D29A95C}.Release|Any CPU.ActiveCfg = Release|Any CPU
		{3BCF4496-7AC9-2A8D-930F-40D93D29A95C}.Release|Any CPU.Build.0 = Release|Any CPU
		{ACADDD77-F6DE-591D-E448-B32B2C663635}.Debug|Any CPU.ActiveCfg = Debug|Any CPU
		{ACADDD77-F6DE-591D-E448-B32B2C663635}.Debug|Any CPU.Build.0 = Debug|Any CPU
		{ACADDD77-F6DE-591D-E448-B32B2C663635}.Release|Any CPU.ActiveCfg = Release|Any CPU
		{ACADDD77-F6DE-591D-E448-B32B2C663635}.Release|Any CPU.Build.0 = Release|Any CPU
	EndGlobalSection
	GlobalSection(SolutionProperties) = preSolution
		HideSolutionNode = FALSE
	EndGlobalSection
EndGlobal
